
Microsoft Visual Studio Solution File, Format Version 12.00
# Visual Studio 15
VisualStudioVersion = 15.0.26730.16
MinimumVisualStudioVersion = 10.0.40219.1
Project("{FAE04EC0-301F-11D3-BF4B-00C04F79EFBC}") = "DownloadCleaner", "DownloadCleaner\DownloadCleaner.csproj", "{94DD7DB7-BD67-4BC0-9081-FB8C70CC5000}"
EndProject
Project("{FAE04EC0-301F-11D3-BF4B-00C04F79EFBC}") = "Installer", "Installer\Installer.csproj", "{29ECBC66-F0A7-43ED-88A6-3047014B00B3}"
EndProject
Global
	GlobalSection(SolutionConfigurationPlatforms) = preSolution
		Debug|Any CPU = Debug|Any CPU
		Release|Any CPU = Release|Any CPU
	EndGlobalSection
	GlobalSection(ProjectConfigurationPlatforms) = postSolution
		{94DD7DB7-BD67-4BC0-9081-FB8C70CC5000}.Debug|Any CPU.ActiveCfg = Debug|Any CPU
		{94DD7DB7-BD67-4BC0-9081-FB8C70CC5000}.Debug|Any CPU.Build.0 = Debug|Any CPU
		{94DD7DB7-BD67-4BC0-9081-FB8C70CC5000}.Release|Any CPU.ActiveCfg = Release|Any CPU
		{94DD7DB7-BD67-4BC0-9081-FB8C70CC5000}.Release|Any CPU.Build.0 = Release|Any CPU
		{29ECBC66-F0A7-43ED-88A6-3047014B00B3}.Debug|Any CPU.ActiveCfg = Debug|Any CPU
		{29ECBC66-F0A7-43ED-88A6-3047014B00B3}.Debug|Any CPU.Build.0 = Debug|Any CPU
		{29ECBC66-F0A7-43ED-88A6-3047014B00B3}.Release|Any CPU.ActiveCfg = Release|Any CPU
		{29ECBC66-F0A7-43ED-88A6-3047014B00B3}.Release|Any CPU.Build.0 = Release|Any CPU
	EndGlobalSection
	GlobalSection(SolutionProperties) = preSolution
		HideSolutionNode = FALSE
	EndGlobalSection
	GlobalSection(ExtensibilityGlobals) = postSolution
		SolutionGuid = {2CD875DB-1CA7-4210-AEBC-F5AEA4E92DC1}
	EndGlobalSection
EndGlobal
